<Solution>
  <Project Path="ProjectCallisto.API/ProjectCallisto.API.csproj" />
  <Project Path="projectcallisto.client/projectcallisto.client.esproj">
    <BuildType Project="Debug" />
    <Build />
  </Project>
  <Project Path="ProjectCallisto.Domain/ProjectCallisto.Domain.csproj" />
  <Project Path="ProjectCallisto.EfCore/ProjectCallisto.EfCore.csproj" />
</Solution>
