<Solution>
  <Folder Name="/Infrastructure/">
    <Project Path="ProjectCallisto.AzureQueue/ProjectCallisto.AzureQueue.csproj" />
    <Project Path="ProjectCallisto.EfCore/ProjectCallisto.EfCore.csproj" />
    <Project Path="ProjectCallisto.Resend/ProjectCallisto.Resend.csproj" />
    <Project Path="ProjectCallisto.Stripe/ProjectCallisto.Stripe.csproj" />
  </Folder>
  <Project Path="ProjectCallisto.API/ProjectCallisto.API.csproj" />
  <Project Path="ProjectCallisto.Application/ProjectCallisto.Application.csproj" />
  <Project Path="projectcallisto.client/projectcallisto.client.esproj">
    <BuildType Project="Debug" />
    <Build />
  </Project>
  <Project Path="ProjectCallisto.Domain/ProjectCallisto.Domain.csproj" />
  <Project Path="ProjectCallisto.Functions/ProjectCallisto.Functions.csproj" />
  <Project Path="ProjectCallisto.Tests/ProjectCallisto.Tests.csproj" />
</Solution>
